Microsoft Visual Studio Solution File, Format Version 12.00
# Visual Studio Version 17
VisualStudioVersion = 17.5.2.0
MinimumVisualStudioVersion = 10.0.40219.1
Project("{FAE04EC0-301F-11D3-BF4B-00C04F79EFBC}") = "LangSwitcher", "LangSwitcher.csproj", "{E0442BE5-23CB-C2DC-D57E-D6E9445A23BB}"
EndProject
Global
	GlobalSection(SolutionConfigurationPlatforms) = preSolution
		Debug|Any CPU = Debug|Any CPU
		Release|Any CPU = Release|Any CPU
	EndGlobalSection
	GlobalSection(ProjectConfigurationPlatforms) = postSolution
		{E0442BE5-23CB-C2DC-D57E-D6E9445A23BB}.Debug|Any CPU.ActiveCfg = Debug|Any CPU
		{E0442BE5-23CB-C2DC-D57E-D6E9445A23BB}.Debug|Any CPU.Build.0 = Debug|Any CPU
		{E0442BE5-23CB-C2DC-D57E-D6E9445A23BB}.Release|Any CPU.ActiveCfg = Release|Any CPU
		{E0442BE5-23CB-C2DC-D57E-D6E9445A23BB}.Release|Any CPU.Build.0 = Release|Any CPU
	EndGlobalSection
	GlobalSection(SolutionProperties) = preSolution
		HideSolutionNode = FALSE
	EndGlobalSection
	GlobalSection(ExtensibilityGlobals) = postSolution
		SolutionGuid = {252B8AC4-2895-4311-98C9-B31C17A05D8D}
	EndGlobalSection
EndGlobal
